{
  "name": "noodl-ui-dom",
  "version": "0.0.62",
  "lockfileVersion": 2,
  "requires": true,
  "packages": {
    "": {
      "version": "0.0.61",
      "license": "ISC",
      "dependencies": {
        "noodl-types": "^1.0.103",
        "noodl-utils": "^0.0.54"
      },
      "devDependencies": {
        "nock": "^13.1.0",
        "noodl-ui": "file:../noodl-ui",
        "noodl-ui-test-utils": "file:../noodl-ui-test-utils"
      },
      "engines": {
        "node": ">=12",
        "npm": ">=6"
      },
      "peerDependencies": {
        "noodl-ui": "^0.1.35"
      }
    },
    "../noodl-ui": {
      "version": "0.1.75",
      "dev": true,
      "license": "MIT",
      "devDependencies": {},
      "engines": {
        "node": ">=12",
        "npm": ">=6"
      }
    },
    "../noodl-ui-test-utils": {
      "version": "0.0.11",
      "dev": true,
      "license": "ISC"
    },
    "node_modules/debug": {
      "version": "4.3.1",
      "resolved": "https://registry.npmjs.org/debug/-/debug-4.3.1.tgz",
      "integrity": "sha512-doEwdvm4PCeK4K3RQN2ZC2BYUBaxwLARCqZmMjtF8a51J2Rb0xpVloFRnCODwqjpwnAoao4pelN8l3RJdv3gRQ==",
      "dev": true,
      "dependencies": {
        "ms": "2.1.2"
      },
      "engines": {
        "node": ">=6.0"
      },
      "peerDependenciesMeta": {
        "supports-color": {
          "optional": true
        }
      }
    },
    "node_modules/json-stringify-safe": {
      "version": "5.0.1",
      "resolved": "https://registry.npmjs.org/json-stringify-safe/-/json-stringify-safe-5.0.1.tgz",
      "integrity": "sha1-Epai1Y/UXxmg9s4B1lcB4sc1tus=",
      "dev": true
    },
    "node_modules/lodash.curry": {
      "version": "4.1.1",
      "resolved": "https://registry.npmjs.org/lodash.curry/-/lodash.curry-4.1.1.tgz",
      "integrity": "sha1-JI42By7ekGUB11lmIAqG2riyMXA="
    },
    "node_modules/lodash.flowright": {
      "version": "3.5.0",
      "resolved": "https://registry.npmjs.org/lodash.flowright/-/lodash.flowright-3.5.0.tgz",
      "integrity": "sha1-K1//OZcW1+fcVyT+k0n2cGUYTWc="
    },
    "node_modules/lodash.get": {
      "version": "4.4.2",
      "resolved": "https://registry.npmjs.org/lodash.get/-/lodash.get-4.4.2.tgz",
      "integrity": "sha1-LRd/ZS+jHpObRDjVNBSZ36OCXpk="
    },
    "node_modules/lodash.has": {
      "version": "4.5.2",
      "resolved": "https://registry.npmjs.org/lodash.has/-/lodash.has-4.5.2.tgz",
      "integrity": "sha1-0Z9NwQlQWMzL4rDN9O4P5Ko3yGI="
    },
    "node_modules/lodash.set": {
      "version": "4.3.2",
      "resolved": "https://registry.npmjs.org/lodash.set/-/lodash.set-4.3.2.tgz",
      "integrity": "sha1-2HV7HagH3eJIFrDWqEvqGnYjCyM=",
      "dev": true
    },
    "node_modules/ms": {
      "version": "2.1.2",
      "resolved": "https://registry.npmjs.org/ms/-/ms-2.1.2.tgz",
      "integrity": "sha512-sGkPx+VjMtmA6MX27oA4FBFELFCZZ4S4XqeGOXCv68tT+jb3vk/RyaKWP0PTKyWtmLSM0b+adUTEvbs1PEaH2w==",
      "dev": true
    },
    "node_modules/nock": {
      "version": "13.1.0",
      "resolved": "https://registry.npmjs.org/nock/-/nock-13.1.0.tgz",
      "integrity": "sha512-3N3DUY8XYrxxzWazQ+nSBpiaJ3q6gcpNh4gXovC/QBxrsvNp4tq+wsLHF6mJ3nrn3lPLn7KCJqKxy/9aD+0fdw==",
      "dev": true,
      "dependencies": {
        "debug": "^4.1.0",
        "json-stringify-safe": "^5.0.1",
        "lodash.set": "^4.3.2",
        "propagate": "^2.0.0"
      },
      "engines": {
        "node": ">= 10.13"
      }
    },
    "node_modules/noodl-types": {
      "version": "1.0.103",
      "resolved": "https://registry.npmjs.org/noodl-types/-/noodl-types-1.0.103.tgz",
      "integrity": "sha512-TOUM3xJBmdgDHn9ILQj1ckHrKdh1uMVuYGsiIB2oiLn80dFhykBycnm+0s3uUe9csaaj2Gtlqvob5y5aprwPyQ==",
      "dependencies": {
        "lodash.get": "^4.4.2",
        "lodash.has": "^4.5.2"
      }
    },
    "node_modules/noodl-ui": {
      "resolved": "../noodl-ui",
      "link": true
    },
    "node_modules/noodl-ui-test-utils": {
      "resolved": "../noodl-ui-test-utils",
      "link": true
    },
    "node_modules/noodl-utils": {
      "version": "0.0.54",
      "resolved": "https://registry.npmjs.org/noodl-utils/-/noodl-utils-0.0.54.tgz",
      "integrity": "sha512-0Y0dagXrqWSfHzAqgRBdWq3ymWJLTYF+3n8yVKt4rc6J3UlgX4vYIZja0VftcGMVap/rUTgwFaW6t/m/Z0QeQg==",
      "dependencies": {
        "lodash.curry": "^4.1.1",
        "lodash.flowright": "^3.5.0",
        "lodash.get": "^4.4.2",
        "lodash.has": "^4.5.2",
        "noodl-types": "^1.0.100"
      },
      "engines": {
        "node": ">=14",
        "npm": ">=7"
      }
    },
    "node_modules/propagate": {
      "version": "2.0.1",
      "resolved": "https://registry.npmjs.org/propagate/-/propagate-2.0.1.tgz",
      "integrity": "sha512-vGrhOavPSTz4QVNuBNdcNXePNdNMaO1xj9yBeH1ScQPjk/rhg9sSlCXPhMkFuaNNW/syTvYqsnbIJxMBfRbbag==",
      "dev": true,
      "engines": {
        "node": ">= 8"
      }
    }
  },
  "dependencies": {
    "debug": {
      "version": "4.3.1",
      "resolved": "https://registry.npmjs.org/debug/-/debug-4.3.1.tgz",
      "integrity": "sha512-doEwdvm4PCeK4K3RQN2ZC2BYUBaxwLARCqZmMjtF8a51J2Rb0xpVloFRnCODwqjpwnAoao4pelN8l3RJdv3gRQ==",
      "dev": true,
      "requires": {
        "ms": "2.1.2"
      }
    },
    "json-stringify-safe": {
      "version": "5.0.1",
      "resolved": "https://registry.npmjs.org/json-stringify-safe/-/json-stringify-safe-5.0.1.tgz",
      "integrity": "sha1-Epai1Y/UXxmg9s4B1lcB4sc1tus=",
      "dev": true
    },
    "lodash.curry": {
      "version": "4.1.1",
      "resolved": "https://registry.npmjs.org/lodash.curry/-/lodash.curry-4.1.1.tgz",
      "integrity": "sha1-JI42By7ekGUB11lmIAqG2riyMXA="
    },
    "lodash.flowright": {
      "version": "3.5.0",
      "resolved": "https://registry.npmjs.org/lodash.flowright/-/lodash.flowright-3.5.0.tgz",
      "integrity": "sha1-K1//OZcW1+fcVyT+k0n2cGUYTWc="
    },
    "lodash.get": {
      "version": "4.4.2",
      "resolved": "https://registry.npmjs.org/lodash.get/-/lodash.get-4.4.2.tgz",
      "integrity": "sha1-LRd/ZS+jHpObRDjVNBSZ36OCXpk="
    },
    "lodash.has": {
      "version": "4.5.2",
      "resolved": "https://registry.npmjs.org/lodash.has/-/lodash.has-4.5.2.tgz",
      "integrity": "sha1-0Z9NwQlQWMzL4rDN9O4P5Ko3yGI="
    },
    "lodash.set": {
      "version": "4.3.2",
      "resolved": "https://registry.npmjs.org/lodash.set/-/lodash.set-4.3.2.tgz",
      "integrity": "sha1-2HV7HagH3eJIFrDWqEvqGnYjCyM=",
      "dev": true
    },
    "ms": {
      "version": "2.1.2",
      "resolved": "https://registry.npmjs.org/ms/-/ms-2.1.2.tgz",
      "integrity": "sha512-sGkPx+VjMtmA6MX27oA4FBFELFCZZ4S4XqeGOXCv68tT+jb3vk/RyaKWP0PTKyWtmLSM0b+adUTEvbs1PEaH2w==",
      "dev": true
    },
    "nock": {
      "version": "13.1.0",
      "resolved": "https://registry.npmjs.org/nock/-/nock-13.1.0.tgz",
      "integrity": "sha512-3N3DUY8XYrxxzWazQ+nSBpiaJ3q6gcpNh4gXovC/QBxrsvNp4tq+wsLHF6mJ3nrn3lPLn7KCJqKxy/9aD+0fdw==",
      "dev": true,
      "requires": {
        "debug": "^4.1.0",
        "json-stringify-safe": "^5.0.1",
        "lodash.set": "^4.3.2",
        "propagate": "^2.0.0"
      }
    },
    "noodl-types": {
      "version": "1.0.103",
      "resolved": "https://registry.npmjs.org/noodl-types/-/noodl-types-1.0.103.tgz",
      "integrity": "sha512-TOUM3xJBmdgDHn9ILQj1ckHrKdh1uMVuYGsiIB2oiLn80dFhykBycnm+0s3uUe9csaaj2Gtlqvob5y5aprwPyQ==",
      "requires": {
        "lodash.get": "^4.4.2",
        "lodash.has": "^4.5.2"
      }
    },
    "noodl-ui": {
      "version": "file:../noodl-ui"
    },
    "noodl-ui-test-utils": {
      "version": "file:../noodl-ui-test-utils"
    },
    "noodl-utils": {
      "version": "0.0.54",
      "resolved": "https://registry.npmjs.org/noodl-utils/-/noodl-utils-0.0.54.tgz",
      "integrity": "sha512-0Y0dagXrqWSfHzAqgRBdWq3ymWJLTYF+3n8yVKt4rc6J3UlgX4vYIZja0VftcGMVap/rUTgwFaW6t/m/Z0QeQg==",
      "requires": {
        "lodash.curry": "^4.1.1",
        "lodash.flowright": "^3.5.0",
        "lodash.get": "^4.4.2",
        "lodash.has": "^4.5.2",
        "noodl-types": "^1.0.100"
      }
    },
    "propagate": {
      "version": "2.0.1",
      "resolved": "https://registry.npmjs.org/propagate/-/propagate-2.0.1.tgz",
      "integrity": "sha512-vGrhOavPSTz4QVNuBNdcNXePNdNMaO1xj9yBeH1ScQPjk/rhg9sSlCXPhMkFuaNNW/syTvYqsnbIJxMBfRbbag==",
      "dev": true
    }
  }
}
