{
  "name": "noodl-ui",
  "version": "0.1.23",
  "lockfileVersion": 1,
  "requires": true,
  "dependencies": {
    "noodl-utils": {
      "version": "0.0.8",
      "resolved": "https://registry.npmjs.org/noodl-utils/-/noodl-utils-0.0.8.tgz",
      "integrity": "sha512-EGQHb2k8ausFaLUi/Uf3fsh48eJVa5VQoap9yvZfNLldD6upQTRn3PbVP9ZCtvd/SauqrVktikpRYhNDDSsuqQ=="
    }
  }
}
