{
  "name": "noodl-utils",
  "version": "0.0.50",
  "lockfileVersion": 2,
  "requires": true,
  "packages": {
    "": {
      "version": "0.0.50",
      "license": "ISC",
      "dependencies": {
        "lodash.get": "^4.4.2",
        "lodash.has": "^4.5.2",
        "noodl-types": "^1.0.100"
      },
      "devDependencies": {
        "@types/lodash.get": "^4.4.6",
        "@types/lodash.has": "^4.5.6"
      },
      "engines": {
        "node": ">=12",
        "npm": ">=6"
      }
    },
    "node_modules/@types/lodash": {
      "version": "4.14.170",
      "resolved": "https://registry.npmjs.org/@types/lodash/-/lodash-4.14.170.tgz",
      "integrity": "sha512-bpcvu/MKHHeYX+qeEN8GE7DIravODWdACVA1ctevD8CN24RhPZIKMn9ntfAsrvLfSX3cR5RrBKAbYm9bGs0A+Q==",
      "dev": true
    },
    "node_modules/@types/lodash.get": {
      "version": "4.4.6",
      "resolved": "https://registry.npmjs.org/@types/lodash.get/-/lodash.get-4.4.6.tgz",
      "integrity": "sha512-E6zzjR3GtNig8UJG/yodBeJeIOtgPkMgsLjDU3CbgCAPC++vJ0eCMnJhVpRZb/ENqEFlov1+3K9TKtY4UdWKtQ==",
      "dev": true,
      "dependencies": {
        "@types/lodash": "*"
      }
    },
    "node_modules/@types/lodash.has": {
      "version": "4.5.6",
      "resolved": "https://registry.npmjs.org/@types/lodash.has/-/lodash.has-4.5.6.tgz",
      "integrity": "sha512-SpUCvze0uHilQX/mt4K/cak5OQny1pVfz3pJx6H70dE3Tvw9s7EtlMK+vY6UBS+PQgETDfv6vhwoa3FPS2wrhg==",
      "dev": true,
      "dependencies": {
        "@types/lodash": "*"
      }
    },
    "node_modules/lodash.get": {
      "version": "4.4.2",
      "resolved": "https://registry.npmjs.org/lodash.get/-/lodash.get-4.4.2.tgz",
      "integrity": "sha1-LRd/ZS+jHpObRDjVNBSZ36OCXpk="
    },
    "node_modules/lodash.has": {
      "version": "4.5.2",
      "resolved": "https://registry.npmjs.org/lodash.has/-/lodash.has-4.5.2.tgz",
      "integrity": "sha1-0Z9NwQlQWMzL4rDN9O4P5Ko3yGI="
    },
    "node_modules/noodl-types": {
      "version": "1.0.100",
      "resolved": "https://registry.npmjs.org/noodl-types/-/noodl-types-1.0.100.tgz",
      "integrity": "sha512-l8BIwJLIQIBp3EIOL9742L2O0z5CB7AlCGZNxBlZfUPNjVo6v2DBNH6ulqlg4i8dfHq/KkztQw9HDYpIXC9Gsw==",
      "dependencies": {
        "lodash.get": "^4.4.2",
        "lodash.has": "^4.5.2"
      }
    }
  },
  "dependencies": {
    "@types/lodash": {
      "version": "4.14.170",
      "resolved": "https://registry.npmjs.org/@types/lodash/-/lodash-4.14.170.tgz",
      "integrity": "sha512-bpcvu/MKHHeYX+qeEN8GE7DIravODWdACVA1ctevD8CN24RhPZIKMn9ntfAsrvLfSX3cR5RrBKAbYm9bGs0A+Q==",
      "dev": true
    },
    "@types/lodash.get": {
      "version": "4.4.6",
      "resolved": "https://registry.npmjs.org/@types/lodash.get/-/lodash.get-4.4.6.tgz",
      "integrity": "sha512-E6zzjR3GtNig8UJG/yodBeJeIOtgPkMgsLjDU3CbgCAPC++vJ0eCMnJhVpRZb/ENqEFlov1+3K9TKtY4UdWKtQ==",
      "dev": true,
      "requires": {
        "@types/lodash": "*"
      }
    },
    "@types/lodash.has": {
      "version": "4.5.6",
      "resolved": "https://registry.npmjs.org/@types/lodash.has/-/lodash.has-4.5.6.tgz",
      "integrity": "sha512-SpUCvze0uHilQX/mt4K/cak5OQny1pVfz3pJx6H70dE3Tvw9s7EtlMK+vY6UBS+PQgETDfv6vhwoa3FPS2wrhg==",
      "dev": true,
      "requires": {
        "@types/lodash": "*"
      }
    },
    "lodash.get": {
      "version": "4.4.2",
      "resolved": "https://registry.npmjs.org/lodash.get/-/lodash.get-4.4.2.tgz",
      "integrity": "sha1-LRd/ZS+jHpObRDjVNBSZ36OCXpk="
    },
    "lodash.has": {
      "version": "4.5.2",
      "resolved": "https://registry.npmjs.org/lodash.has/-/lodash.has-4.5.2.tgz",
      "integrity": "sha1-0Z9NwQlQWMzL4rDN9O4P5Ko3yGI="
    },
    "noodl-types": {
      "version": "1.0.100",
      "resolved": "https://registry.npmjs.org/noodl-types/-/noodl-types-1.0.100.tgz",
      "integrity": "sha512-l8BIwJLIQIBp3EIOL9742L2O0z5CB7AlCGZNxBlZfUPNjVo6v2DBNH6ulqlg4i8dfHq/KkztQw9HDYpIXC9Gsw==",
      "requires": {
        "lodash.get": "^4.4.2",
        "lodash.has": "^4.5.2"
      }
    }
  }
}
