{
	"name": "noodl-action-chain",
	"version": "0.0.104",
	"lockfileVersion": 2,
	"requires": true,
	"packages": {
		"": {
			"version": "0.0.99",
			"license": "ISC",
			"dependencies": {
				"noodl-types": "^1.0.183"
			}
		},
		"node_modules/lodash.get": {
			"version": "4.4.2",
			"resolved": "https://registry.npmjs.org/lodash.get/-/lodash.get-4.4.2.tgz",
			"integrity": "sha1-LRd/ZS+jHpObRDjVNBSZ36OCXpk="
		},
		"node_modules/lodash.has": {
			"version": "4.5.2",
			"resolved": "https://registry.npmjs.org/lodash.has/-/lodash.has-4.5.2.tgz",
			"integrity": "sha1-0Z9NwQlQWMzL4rDN9O4P5Ko3yGI="
		},
		"node_modules/noodl-types": {
			"version": "1.0.184",
			"resolved": "https://registry.npmjs.org/noodl-types/-/noodl-types-1.0.184.tgz",
			"integrity": "sha512-u3C8iYb7DkgqdlQPahHQJZ0SVJ/b4ULIoCfRHBCaqaH0epaNMj8c9TBlE8Z8SArAHQmob3R/6RMaib9ekujHnQ==",
			"dependencies": {
				"lodash.get": "^4.4.2",
				"lodash.has": "^4.5.2"
			},
			"engines": {
				"node": "14.x"
			}
		}
	},
	"dependencies": {
		"lodash.get": {
			"version": "4.4.2",
			"resolved": "https://registry.npmjs.org/lodash.get/-/lodash.get-4.4.2.tgz",
			"integrity": "sha1-LRd/ZS+jHpObRDjVNBSZ36OCXpk="
		},
		"lodash.has": {
			"version": "4.5.2",
			"resolved": "https://registry.npmjs.org/lodash.has/-/lodash.has-4.5.2.tgz",
			"integrity": "sha1-0Z9NwQlQWMzL4rDN9O4P5Ko3yGI="
		},
		"noodl-types": {
			"version": "1.0.184",
			"resolved": "https://registry.npmjs.org/noodl-types/-/noodl-types-1.0.184.tgz",
			"integrity": "sha512-u3C8iYb7DkgqdlQPahHQJZ0SVJ/b4ULIoCfRHBCaqaH0epaNMj8c9TBlE8Z8SArAHQmob3R/6RMaib9ekujHnQ==",
			"requires": {
				"lodash.get": "^4.4.2",
				"lodash.has": "^4.5.2"
			}
		}
	}
}
